
Microsoft Visual Studio Solution File, Format Version 12.00
# Visual Studio Version 17
VisualStudioVersion = 17.3.32901.215
MinimumVisualStudioVersion = 10.0.40219.1
Project("{FAE04EC0-301F-11D3-BF4B-00C04F79EFBC}") = "AutoSalonn", "AutoSalonn\AutoSalonn.csproj", "{FDC1F48E-EE28-42C2-98BC-6B8C8F4CD35E}"
EndProject
Global
	GlobalSection(SolutionConfigurationPlatforms) = preSolution
		Debug|Any CPU = Debug|Any CPU
		Release|Any CPU = Release|Any CPU
	EndGlobalSection
	GlobalSection(ProjectConfigurationPlatforms) = postSolution
		{FDC1F48E-EE28-42C2-98BC-6B8C8F4CD35E}.Debug|Any CPU.ActiveCfg = Debug|Any CPU
		{FDC1F48E-EE28-42C2-98BC-6B8C8F4CD35E}.Debug|Any CPU.Build.0 = Debug|Any CPU
		{FDC1F48E-EE28-42C2-98BC-6B8C8F4CD35E}.Release|Any CPU.ActiveCfg = Release|Any CPU
		{FDC1F48E-EE28-42C2-98BC-6B8C8F4CD35E}.Release|Any CPU.Build.0 = Release|Any CPU
	EndGlobalSection
	GlobalSection(SolutionProperties) = preSolution
		HideSolutionNode = FALSE
	EndGlobalSection
	GlobalSection(ExtensibilityGlobals) = postSolution
		SolutionGuid = {F06D577E-FE4E-4664-8A4B-829FC2E30CF0}
	EndGlobalSection
EndGlobal
